
Microsoft Visual Studio Solution File, Format Version 12.00
# Visual Studio Version 17
VisualStudioVersion = 17.7.34009.444
MinimumVisualStudioVersion = 10.0.40219.1
Project("{9A19103F-16F7-4668-BE54-9A1E7A4F7556}") = "SGED", "SGED\SGED.csproj", "{B9289D38-9D1C-41AD-A345-0BC00183C91E}"
EndProject
Project("{FAE04EC0-301F-11D3-BF4B-00C04F79EFBC}") = "SGEDTest", "SGEDTest\SGEDTest.csproj", "{5FB82E80-D07B-45D1-A76D-DFBE0BF0D1D3}"
EndProject
Global
	GlobalSection(SolutionConfigurationPlatforms) = preSolution
		Debug|Any CPU = Debug|Any CPU
		Release|Any CPU = Release|Any CPU
	EndGlobalSection
	GlobalSection(ProjectConfigurationPlatforms) = postSolution
		{B9289D38-9D1C-41AD-A345-0BC00183C91E}.Debug|Any CPU.ActiveCfg = Debug|Any CPU
		{B9289D38-9D1C-41AD-A345-0BC00183C91E}.Debug|Any CPU.Build.0 = Debug|Any CPU
		{B9289D38-9D1C-41AD-A345-0BC00183C91E}.Release|Any CPU.ActiveCfg = Release|Any CPU
		{B9289D38-9D1C-41AD-A345-0BC00183C91E}.Release|Any CPU.Build.0 = Release|Any CPU
		{5FB82E80-D07B-45D1-A76D-DFBE0BF0D1D3}.Debug|Any CPU.ActiveCfg = Debug|Any CPU
		{5FB82E80-D07B-45D1-A76D-DFBE0BF0D1D3}.Debug|Any CPU.Build.0 = Debug|Any CPU
		{5FB82E80-D07B-45D1-A76D-DFBE0BF0D1D3}.Release|Any CPU.ActiveCfg = Release|Any CPU
		{5FB82E80-D07B-45D1-A76D-DFBE0BF0D1D3}.Release|Any CPU.Build.0 = Release|Any CPU
	EndGlobalSection
	GlobalSection(SolutionProperties) = preSolution
		HideSolutionNode = FALSE
	EndGlobalSection
	GlobalSection(ExtensibilityGlobals) = postSolution
		SolutionGuid = {79BCFBCC-2290-492D-8C98-496A9EEF19C5}
	EndGlobalSection
EndGlobal
